
Microsoft Visual Studio Solution File, Format Version 12.00
# Visual Studio Version 17
VisualStudioVersion = 17.9.34723.18
MinimumVisualStudioVersion = 10.0.40219.1
Project("{FAE04EC0-301F-11D3-BF4B-00C04F79EFBC}") = "AuthJWTCookie", "AuthJWTCookie\AuthJWTCookie.csproj", "{78D854EC-91C4-4C53-B297-DAF8BD57D77F}"
EndProject
Project("{FAE04EC0-301F-11D3-BF4B-00C04F79EFBC}") = "AuthJWTCookie.Services.UserAPI", "AuthJWTCookie.Services.UserAPI\AuthJWTCookie.Services.UserAPI.csproj", "{C10E5E57-207E-4B97-B7BE-3BF63E7A4584}"
EndProject
Global
	GlobalSection(SolutionConfigurationPlatforms) = preSolution
		Debug|Any CPU = Debug|Any CPU
		Release|Any CPU = Release|Any CPU
	EndGlobalSection
	GlobalSection(ProjectConfigurationPlatforms) = postSolution
		{78D854EC-91C4-4C53-B297-DAF8BD57D77F}.Debug|Any CPU.ActiveCfg = Debug|Any CPU
		{78D854EC-91C4-4C53-B297-DAF8BD57D77F}.Debug|Any CPU.Build.0 = Debug|Any CPU
		{78D854EC-91C4-4C53-B297-DAF8BD57D77F}.Release|Any CPU.ActiveCfg = Release|Any CPU
		{78D854EC-91C4-4C53-B297-DAF8BD57D77F}.Release|Any CPU.Build.0 = Release|Any CPU
		{C10E5E57-207E-4B97-B7BE-3BF63E7A4584}.Debug|Any CPU.ActiveCfg = Debug|Any CPU
		{C10E5E57-207E-4B97-B7BE-3BF63E7A4584}.Debug|Any CPU.Build.0 = Debug|Any CPU
		{C10E5E57-207E-4B97-B7BE-3BF63E7A4584}.Release|Any CPU.ActiveCfg = Release|Any CPU
		{C10E5E57-207E-4B97-B7BE-3BF63E7A4584}.Release|Any CPU.Build.0 = Release|Any CPU
	EndGlobalSection
	GlobalSection(SolutionProperties) = preSolution
		HideSolutionNode = FALSE
	EndGlobalSection
	GlobalSection(ExtensibilityGlobals) = postSolution
		SolutionGuid = {F7D9F4C4-188D-4334-B216-BA3CBB2E9D92}
	EndGlobalSection
EndGlobal
